
Microsoft Visual Studio Solution File, Format Version 12.00
# Visual Studio Version 16
VisualStudioVersion = 16.0.30907.101
MinimumVisualStudioVersion = 10.0.40219.1
Project("{FAE04EC0-301F-11D3-BF4B-00C04F79EFBC}") = "ClassMetotDemo", "ClassMetotDemo\ClassMetotDemo.csproj", "{31E27777-8B78-48F5-B63E-6CAFEEF0109B}"
EndProject
Global
	GlobalSection(SolutionConfigurationPlatforms) = preSolution
		Debug|Any CPU = Debug|Any CPU
		Release|Any CPU = Release|Any CPU
	EndGlobalSection
	GlobalSection(ProjectConfigurationPlatforms) = postSolution
		{31E27777-8B78-48F5-B63E-6CAFEEF0109B}.Debug|Any CPU.ActiveCfg = Debug|Any CPU
		{31E27777-8B78-48F5-B63E-6CAFEEF0109B}.Debug|Any CPU.Build.0 = Debug|Any CPU
		{31E27777-8B78-48F5-B63E-6CAFEEF0109B}.Release|Any CPU.ActiveCfg = Release|Any CPU
		{31E27777-8B78-48F5-B63E-6CAFEEF0109B}.Release|Any CPU.Build.0 = Release|Any CPU
	EndGlobalSection
	GlobalSection(SolutionProperties) = preSolution
		HideSolutionNode = FALSE
	EndGlobalSection
	GlobalSection(ExtensibilityGlobals) = postSolution
		SolutionGuid = {E0B51CB6-89AD-43CA-953D-864FAFDA5B61}
	EndGlobalSection
EndGlobal
